
Microsoft Visual Studio Solution File, Format Version 12.00
# Visual Studio 15
VisualStudioVersion = 15.0.28307.136
MinimumVisualStudioVersion = 10.0.40219.1
Project("{FAE04EC0-301F-11D3-BF4B-00C04F79EFBC}") = "PSExec", "PSExec\PSExec.csproj", "{AE6780D3-AC8B-4249-AD93-E432596DA2A6}"
EndProject
Global
	GlobalSection(SolutionConfigurationPlatforms) = preSolution
		Debug|Any CPU = Debug|Any CPU
		Release|Any CPU = Release|Any CPU
	EndGlobalSection
	GlobalSection(ProjectConfigurationPlatforms) = postSolution
		{AE6780D3-AC8B-4249-AD93-E432596DA2A6}.Debug|Any CPU.ActiveCfg = Debug|Any CPU
		{AE6780D3-AC8B-4249-AD93-E432596DA2A6}.Debug|Any CPU.Build.0 = Debug|Any CPU
		{AE6780D3-AC8B-4249-AD93-E432596DA2A6}.Release|Any CPU.ActiveCfg = Release|Any CPU
		{AE6780D3-AC8B-4249-AD93-E432596DA2A6}.Release|Any CPU.Build.0 = Release|Any CPU
	EndGlobalSection
	GlobalSection(SolutionProperties) = preSolution
		HideSolutionNode = FALSE
	EndGlobalSection
	GlobalSection(ExtensibilityGlobals) = postSolution
		SolutionGuid = {026BDDF8-6F2D-423D-8EC8-79AE94D633CC}
	EndGlobalSection
EndGlobal
